
Microsoft Visual Studio Solution File, Format Version 12.00
# Visual Studio Version 17
VisualStudioVersion = 17.0.31903.59
MinimumVisualStudioVersion = 10.0.40219.1
Project("{2150E333-8FDC-42A3-9474-1A3956D46DE8}") = "Kafka", "Kafka", "{02EA681E-C7D8-13C7-8484-4AC65E1B71E8}"
	ProjectSection(SolutionItems) = preProject
		IKafkaProducer.cs = IKafkaProducer.cs
	EndProjectSection
EndProject
Project("{2150E333-8FDC-42A3-9474-1A3956D46DE8}") = "Events", "Events", "{EF3EA189-3979-4522-80E4-AC3F97D707D6}"
EndProject
Project("{2150E333-8FDC-42A3-9474-1A3956D46DE8}") = "Models", "Models", "{B4359294-66AF-4849-A36A-B273E157FF80}"
	ProjectSection(SolutionItems) = preProject
		ComicCsvRecord.cs = ComicCsvRecord.cs
		DeadLetterEnvelope.cs = DeadLetterEnvelope.cs
		KafkaEnvelope.cs = KafkaEnvelope.cs
	EndProjectSection
EndProject
Project("{2150E333-8FDC-42A3-9474-1A3956D46DE8}") = "Utilities", "Utilities", "{51BB659E-FD06-4AA8-8601-A1AA8E7E3542}"
EndProject
Project("{2150E333-8FDC-42A3-9474-1A3956D46DE8}") = "Constants", "Constants", "{6EF0DFC4-53B7-4FD7-BCBD-C5E2BE5B4815}"
	ProjectSection(SolutionItems) = preProject
		MeterNames.cs = MeterNames.cs
	EndProjectSection
EndProject
Project("{2150E333-8FDC-42A3-9474-1A3956D46DE8}") = "Extensions", "Extensions", "{BF80769C-CCA4-44B6-BC4B-6860A134347F}"
	ProjectSection(SolutionItems) = preProject
		StringExtensions.cs = StringExtensions.cs
		TelemetryExtensions.cs = TelemetryExtensions.cs
	EndProjectSection
EndProject
Project("{FAE04EC0-301F-11D3-BF4B-00C04F79EFBC}") = "SharedLibrary", "SharedLibrary.csproj", "{CF9FB5A2-D9AD-EE60-69E8-5E75CB7340CE}"
EndProject
Project("{2150E333-8FDC-42A3-9474-1A3956D46DE8}") = "Facet", "Facet", "{27B1F943-5E0D-42D6-A60B-2EDE1A409F07}"
	ProjectSection(SolutionItems) = preProject
		ComicCsvRecordDto.cs = ComicCsvRecordDto.cs
	EndProjectSection
EndProject
Global
	GlobalSection(SolutionConfigurationPlatforms) = preSolution
		Debug|Any CPU = Debug|Any CPU
		Release|Any CPU = Release|Any CPU
	EndGlobalSection
	GlobalSection(ProjectConfigurationPlatforms) = postSolution
		{CF9FB5A2-D9AD-EE60-69E8-5E75CB7340CE}.Debug|Any CPU.ActiveCfg = Debug|Any CPU
		{CF9FB5A2-D9AD-EE60-69E8-5E75CB7340CE}.Debug|Any CPU.Build.0 = Debug|Any CPU
		{CF9FB5A2-D9AD-EE60-69E8-5E75CB7340CE}.Release|Any CPU.ActiveCfg = Release|Any CPU
		{CF9FB5A2-D9AD-EE60-69E8-5E75CB7340CE}.Release|Any CPU.Build.0 = Release|Any CPU
	EndGlobalSection
	GlobalSection(SolutionProperties) = preSolution
		HideSolutionNode = FALSE
	EndGlobalSection
	GlobalSection(ExtensibilityGlobals) = postSolution
		SolutionGuid = {3A3D82DA-AA2E-44E4-AD71-8D4444ED893D}
	EndGlobalSection
EndGlobal
