
Microsoft Visual Studio Solution File, Format Version 12.00
# Visual Studio Version 17
VisualStudioVersion = 17.0.31903.59
MinimumVisualStudioVersion = 10.0.40219.1
Project("{FAE04EC0-301F-11D3-BF4B-00C04F79EFBC}") = "SharedLibrary", "..\SharedLibrary\SharedLibrary.csproj", "{970BDAF3-119F-EBBA-A3A8-28A80F1DF622}"
EndProject
Project("{FAE04EC0-301F-11D3-BF4B-00C04F79EFBC}") = "IngestionService", "IngestionService.csproj", "{335A569B-8D50-BB70-9945-B4BBD84D9023}"
EndProject
Global
	GlobalSection(SolutionConfigurationPlatforms) = preSolution
		Debug|Any CPU = Debug|Any CPU
		Debug|x64 = Debug|x64
		Debug|x86 = Debug|x86
		Release|Any CPU = Release|Any CPU
		Release|x64 = Release|x64
		Release|x86 = Release|x86
	EndGlobalSection
	GlobalSection(ProjectConfigurationPlatforms) = postSolution
		{970BDAF3-119F-EBBA-A3A8-28A80F1DF622}.Debug|Any CPU.ActiveCfg = Debug|Any CPU
		{970BDAF3-119F-EBBA-A3A8-28A80F1DF622}.Debug|Any CPU.Build.0 = Debug|Any CPU
		{970BDAF3-119F-EBBA-A3A8-28A80F1DF622}.Debug|x64.ActiveCfg = Debug|Any CPU
		{970BDAF3-119F-EBBA-A3A8-28A80F1DF622}.Debug|x64.Build.0 = Debug|Any CPU
		{970BDAF3-119F-EBBA-A3A8-28A80F1DF622}.Debug|x86.ActiveCfg = Debug|Any CPU
		{970BDAF3-119F-EBBA-A3A8-28A80F1DF622}.Debug|x86.Build.0 = Debug|Any CPU
		{970BDAF3-119F-EBBA-A3A8-28A80F1DF622}.Release|Any CPU.ActiveCfg = Release|Any CPU
		{970BDAF3-119F-EBBA-A3A8-28A80F1DF622}.Release|Any CPU.Build.0 = Release|Any CPU
		{970BDAF3-119F-EBBA-A3A8-28A80F1DF622}.Release|x64.ActiveCfg = Release|Any CPU
		{970BDAF3-119F-EBBA-A3A8-28A80F1DF622}.Release|x64.Build.0 = Release|Any CPU
		{970BDAF3-119F-EBBA-A3A8-28A80F1DF622}.Release|x86.ActiveCfg = Release|Any CPU
		{970BDAF3-119F-EBBA-A3A8-28A80F1DF622}.Release|x86.Build.0 = Release|Any CPU
		{335A569B-8D50-BB70-9945-B4BBD84D9023}.Debug|Any CPU.ActiveCfg = Debug|Any CPU
		{335A569B-8D50-BB70-9945-B4BBD84D9023}.Debug|Any CPU.Build.0 = Debug|Any CPU
		{335A569B-8D50-BB70-9945-B4BBD84D9023}.Debug|x64.ActiveCfg = Debug|Any CPU
		{335A569B-8D50-BB70-9945-B4BBD84D9023}.Debug|x64.Build.0 = Debug|Any CPU
		{335A569B-8D50-BB70-9945-B4BBD84D9023}.Debug|x86.ActiveCfg = Debug|Any CPU
		{335A569B-8D50-BB70-9945-B4BBD84D9023}.Debug|x86.Build.0 = Debug|Any CPU
		{335A569B-8D50-BB70-9945-B4BBD84D9023}.Release|Any CPU.ActiveCfg = Release|Any CPU
		{335A569B-8D50-BB70-9945-B4BBD84D9023}.Release|Any CPU.Build.0 = Release|Any CPU
		{335A569B-8D50-BB70-9945-B4BBD84D9023}.Release|x64.ActiveCfg = Release|Any CPU
		{335A569B-8D50-BB70-9945-B4BBD84D9023}.Release|x64.Build.0 = Release|Any CPU
		{335A569B-8D50-BB70-9945-B4BBD84D9023}.Release|x86.ActiveCfg = Release|Any CPU
		{335A569B-8D50-BB70-9945-B4BBD84D9023}.Release|x86.Build.0 = Release|Any CPU
	EndGlobalSection
	GlobalSection(SolutionProperties) = preSolution
		HideSolutionNode = FALSE
	EndGlobalSection
	GlobalSection(ExtensibilityGlobals) = postSolution
		SolutionGuid = {9B5EB671-FAE0-4FB4-BFD7-F2ACF51E9E81}
	EndGlobalSection
EndGlobal
